
Microsoft Visual Studio Solution File, Format Version 12.00
# Visual Studio Version 17
VisualStudioVersion = 17.0.31903.59
MinimumVisualStudioVersion = 10.0.40219.1
Project("{FAE04EC0-301F-11D3-BF4B-00C04F79EFBC}") = "UI", "UI\UI.csproj", "{94C4F65E-490A-4452-8B98-0567801978BE}"
EndProject
Project("{FAE04EC0-301F-11D3-BF4B-00C04F79EFBC}") = "Model", "Model\Model.csproj", "{91F19D14-458D-46CE-8BA8-73996DADA083}"
EndProject
Project("{FAE04EC0-301F-11D3-BF4B-00C04F79EFBC}") = "Data", "Data\Data.csproj", "{8BA400AD-986A-4D8C-8045-09DD63871E6A}"
EndProject
Global
	GlobalSection(SolutionConfigurationPlatforms) = preSolution
		Debug|Any CPU = Debug|Any CPU
		Release|Any CPU = Release|Any CPU
	EndGlobalSection
	GlobalSection(ProjectConfigurationPlatforms) = postSolution
		{94C4F65E-490A-4452-8B98-0567801978BE}.Debug|Any CPU.ActiveCfg = Debug|Any CPU
		{94C4F65E-490A-4452-8B98-0567801978BE}.Debug|Any CPU.Build.0 = Debug|Any CPU
		{94C4F65E-490A-4452-8B98-0567801978BE}.Release|Any CPU.ActiveCfg = Release|Any CPU
		{94C4F65E-490A-4452-8B98-0567801978BE}.Release|Any CPU.Build.0 = Release|Any CPU
		{91F19D14-458D-46CE-8BA8-73996DADA083}.Debug|Any CPU.ActiveCfg = Debug|Any CPU
		{91F19D14-458D-46CE-8BA8-73996DADA083}.Debug|Any CPU.Build.0 = Debug|Any CPU
		{91F19D14-458D-46CE-8BA8-73996DADA083}.Release|Any CPU.ActiveCfg = Release|Any CPU
		{91F19D14-458D-46CE-8BA8-73996DADA083}.Release|Any CPU.Build.0 = Release|Any CPU
		{8BA400AD-986A-4D8C-8045-09DD63871E6A}.Debug|Any CPU.ActiveCfg = Debug|Any CPU
		{8BA400AD-986A-4D8C-8045-09DD63871E6A}.Debug|Any CPU.Build.0 = Debug|Any CPU
		{8BA400AD-986A-4D8C-8045-09DD63871E6A}.Release|Any CPU.ActiveCfg = Release|Any CPU
		{8BA400AD-986A-4D8C-8045-09DD63871E6A}.Release|Any CPU.Build.0 = Release|Any CPU
	EndGlobalSection
	GlobalSection(SolutionProperties) = preSolution
		HideSolutionNode = FALSE
	EndGlobalSection
EndGlobal
